// !$*UTF8*$!
{
	archiveVersion = 1;
	classes = {
	};
	objectVersion = 50;
	objects = {

/* Begin PBXBuildFile section */
		21903594266EFDA200B3F8AB /* AppDelegate.swift in Sources */ = {isa = PBXBuildFile; fileRef = 21903593266EFDA200B3F8AB /* AppDelegate.swift */; };
		21903596266EFDA200B3F8AB /* SceneDelegate.swift in Sources */ = {isa = PBXBuildFile; fileRef = 21903595266EFDA200B3F8AB /* SceneDelegate.swift */; };
		21903598266EFDA200B3F8AB /* StoreFrontViewController.swift in Sources */ = {isa = PBXBuildFile; fileRef = 21903597266EFDA200B3F8AB /* StoreFrontViewController.swift */; };
		2190359B266EFDA200B3F8AB /* Main.storyboard in Resources */ = {isa = PBXBuildFile; fileRef = 21903599266EFDA200B3F8AB /* Main.storyboard */; };
		2190359D266EFDA400B3F8AB /* Assets.xcassets in Resources */ = {isa = PBXBuildFile; fileRef = 2190359C266EFDA400B3F8AB /* Assets.xcassets */; };
		219035A0266EFDA400B3F8AB /* LaunchScreen.storyboard in Resources */ = {isa = PBXBuildFile; fileRef = 2190359E266EFDA400B3F8AB /* LaunchScreen.storyboard */; };
		219035A8266F098900B3F8AB /* DetailViewController.swift in Sources */ = {isa = PBXBuildFile; fileRef = 219035A7266F098900B3F8AB /* DetailViewController.swift */; };
		219035AE266F0E2300B3F8AB /* Item.swift in Sources */ = {isa = PBXBuildFile; fileRef = 219035AD266F0E2300B3F8AB /* Item.swift */; };
		219035B0266F175600B3F8AB /* ItemsData.swift in Sources */ = {isa = PBXBuildFile; fileRef = 219035AF266F175600B3F8AB /* ItemsData.swift */; };
		219035B2266F341C00B3F8AB /* ItemCollectionViewCell.swift in Sources */ = {isa = PBXBuildFile; fileRef = 219035B1266F341C00B3F8AB /* ItemCollectionViewCell.swift */; };
		21955743267429C5009DCAB8 /* IAPService.swift in Sources */ = {isa = PBXBuildFile; fileRef = 21955742267429C5009DCAB8 /* IAPService.swift */; };
		219557452674533E009DCAB8 /* Constants.swift in Sources */ = {isa = PBXBuildFile; fileRef = 219557442674533E009DCAB8 /* Constants.swift */; };
/* End PBXBuildFile section */

/* Begin PBXFileReference section */
		21903590266EFDA200B3F8AB /* ShopMeApp.app */ = {isa = PBXFileReference; explicitFileType = wrapper.application; includeInIndex = 0; path = ShopMeApp.app; sourceTree = BUILT_PRODUCTS_DIR; };
		21903593266EFDA200B3F8AB /* AppDelegate.swift */ = {isa = PBXFileReference; lastKnownFileType = sourcecode.swift; path = AppDelegate.swift; sourceTree = "<group>"; };
		21903595266EFDA200B3F8AB /* SceneDelegate.swift */ = {isa = PBXFileReference; lastKnownFileType = sourcecode.swift; path = SceneDelegate.swift; sourceTree = "<group>"; };
		21903597266EFDA200B3F8AB /* StoreFrontViewController.swift */ = {isa = PBXFileReference; lastKnownFileType = sourcecode.swift; path = StoreFrontViewController.swift; sourceTree = "<group>"; };
		2190359A266EFDA200B3F8AB /* Base */ = {isa = PBXFileReference; lastKnownFileType = file.storyboard; name = Base; path = Base.lproj/Main.storyboard; sourceTree = "<group>"; };
		2190359C266EFDA400B3F8AB /* Assets.xcassets */ = {isa = PBXFileReference; lastKnownFileType = folder.assetcatalog; path = Assets.xcassets; sourceTree = "<group>"; };
		2190359F266EFDA400B3F8AB /* Base */ = {isa = PBXFileReference; lastKnownFileType = file.storyboard; name = Base; path = Base.lproj/LaunchScreen.storyboard; sourceTree = "<group>"; };
		219035A1266EFDA400B3F8AB /* Info.plist */ = {isa = PBXFileReference; lastKnownFileType = text.plist.xml; path = Info.plist; sourceTree = "<group>"; };
		219035A7266F098900B3F8AB /* DetailViewController.swift */ = {isa = PBXFileReference; lastKnownFileType = sourcecode.swift; path = DetailViewController.swift; sourceTree = "<group>"; };
		219035AD266F0E2300B3F8AB /* Item.swift */ = {isa = PBXFileReference; lastKnownFileType = sourcecode.swift; path = Item.swift; sourceTree = "<group>"; };
		219035AF266F175600B3F8AB /* ItemsData.swift */ = {isa = PBXFileReference; lastKnownFileType = sourcecode.swift; path = ItemsData.swift; sourceTree = "<group>"; };
		219035B1266F341C00B3F8AB /* ItemCollectionViewCell.swift */ = {isa = PBXFileReference; lastKnownFileType = sourcecode.swift; path = ItemCollectionViewCell.swift; sourceTree = "<group>"; };
		21955742267429C5009DCAB8 /* IAPService.swift */ = {isa = PBXFileReference; lastKnownFileType = sourcecode.swift; path = IAPService.swift; sourceTree = "<group>"; };
		219557442674533E009DCAB8 /* Constants.swift */ = {isa = PBXFileReference; lastKnownFileType = sourcecode.swift; path = Constants.swift; sourceTree = "<group>"; };
/* End PBXFileReference section */

/* Begin PBXFrameworksBuildPhase section */
		2190358D266EFDA200B3F8AB /* Frameworks */ = {
			isa = PBXFrameworksBuildPhase;
			buildActionMask = 2147483647;
			files = (
			);
			runOnlyForDeploymentPostprocessing = 0;
		};
/* End PBXFrameworksBuildPhase section */

/* Begin PBXGroup section */
		21903587266EFDA200B3F8AB = {
			isa = PBXGroup;
			children = (
				21903592266EFDA200B3F8AB /* ShopMeApp */,
				21903591266EFDA200B3F8AB /* Products */,
			);
			sourceTree = "<group>";
		};
		21903591266EFDA200B3F8AB /* Products */ = {
			isa = PBXGroup;
			children = (
				21903590266EFDA200B3F8AB /* ShopMeApp.app */,
			);
			name = Products;
			sourceTree = "<group>";
		};
		21903592266EFDA200B3F8AB /* ShopMeApp */ = {
			isa = PBXGroup;
			children = (
				219557412674296F009DCAB8 /* Services */,
				219035AC266F0E0300B3F8AB /* Helpers */,
				219035AB266F0DFC00B3F8AB /* Views */,
				219035AA266F0DEF00B3F8AB /* Model */,
				219035A9266F0B6F00B3F8AB /* Controllers */,
				21903593266EFDA200B3F8AB /* AppDelegate.swift */,
				21903595266EFDA200B3F8AB /* SceneDelegate.swift */,
				21903599266EFDA200B3F8AB /* Main.storyboard */,
				2190359C266EFDA400B3F8AB /* Assets.xcassets */,
				2190359E266EFDA400B3F8AB /* LaunchScreen.storyboard */,
				219035A1266EFDA400B3F8AB /* Info.plist */,
			);
			path = ShopMeApp;
			sourceTree = "<group>";
		};
		219035A9266F0B6F00B3F8AB /* Controllers */ = {
			isa = PBXGroup;
			children = (
				21903597266EFDA200B3F8AB /* StoreFrontViewController.swift */,
				219035A7266F098900B3F8AB /* DetailViewController.swift */,
				219035B1266F341C00B3F8AB /* ItemCollectionViewCell.swift */,
			);
			path = Controllers;
			sourceTree = "<group>";
		};
		219035AA266F0DEF00B3F8AB /* Model */ = {
			isa = PBXGroup;
			children = (
				219035AD266F0E2300B3F8AB /* Item.swift */,
			);
			path = Model;
			sourceTree = "<group>";
		};
		219035AB266F0DFC00B3F8AB /* Views */ = {
			isa = PBXGroup;
			children = (
			);
			path = Views;
			sourceTree = "<group>";
		};
		219035AC266F0E0300B3F8AB /* Helpers */ = {
			isa = PBXGroup;
			children = (
				219035AF266F175600B3F8AB /* ItemsData.swift */,
				219557442674533E009DCAB8 /* Constants.swift */,
			);
			path = Helpers;
			sourceTree = "<group>";
		};
		219557412674296F009DCAB8 /* Services */ = {
			isa = PBXGroup;
			children = (
				21955742267429C5009DCAB8 /* IAPService.swift */,
			);
			path = Services;
			sourceTree = "<group>";
		};
/* End PBXGroup section */

/* Begin PBXNativeTarget section */
		2190358F266EFDA200B3F8AB /* ShopMeApp */ = {
			isa = PBXNativeTarget;
			buildConfigurationList = 219035A4266EFDA400B3F8AB /* Build configuration list for PBXNativeTarget "ShopMeApp" */;
			buildPhases = (
				2190358C266EFDA200B3F8AB /* Sources */,
				2190358D266EFDA200B3F8AB /* Frameworks */,
				2190358E266EFDA200B3F8AB /* Resources */,
			);
			buildRules = (
			);
			dependencies = (
			);
			name = ShopMeApp;
			productName = ShopMeApp;
			productReference = 21903590266EFDA200B3F8AB /* ShopMeApp.app */;
			productType = "com.apple.product-type.application";
		};
/* End PBXNativeTarget section */

/* Begin PBXProject section */
		21903588266EFDA200B3F8AB /* Project object */ = {
			isa = PBXProject;
			attributes = {
				LastSwiftUpdateCheck = 1250;
				LastUpgradeCheck = 1250;
				TargetAttributes = {
					2190358F266EFDA200B3F8AB = {
						CreatedOnToolsVersion = 12.5;
					};
				};
			};
			buildConfigurationList = 2190358B266EFDA200B3F8AB /* Build configuration list for PBXProject "ShopMeApp" */;
			compatibilityVersion = "Xcode 9.3";
			developmentRegion = en;
			hasScannedForEncodings = 0;
			knownRegions = (
				en,
				Base,
			);
			mainGroup = 21903587266EFDA200B3F8AB;
			productRefGroup = 21903591266EFDA200B3F8AB /* Products */;
			projectDirPath = "";
			projectRoot = "";
			targets = (
				2190358F266EFDA200B3F8AB /* ShopMeApp */,
			);
		};
/* End PBXProject section */

/* Begin PBXResourcesBuildPhase section */
		2190358E266EFDA200B3F8AB /* Resources */ = {
			isa = PBXResourcesBuildPhase;
			buildActionMask = 2147483647;
			files = (
				219035A0266EFDA400B3F8AB /* LaunchScreen.storyboard in Resources */,
				2190359D266EFDA400B3F8AB /* Assets.xcassets in Resources */,
				2190359B266EFDA200B3F8AB /* Main.storyboard in Resources */,
			);
			runOnlyForDeploymentPostprocessing = 0;
		};
/* End PBXResourcesBuildPhase section */

/* Begin PBXSourcesBuildPhase section */
		2190358C266EFDA200B3F8AB /* Sources */ = {
			isa = PBXSourcesBuildPhase;
			buildActionMask = 2147483647;
			files = (
				219035B0266F175600B3F8AB /* ItemsData.swift in Sources */,
				219035AE266F0E2300B3F8AB /* Item.swift in Sources */,
				21903598266EFDA200B3F8AB /* StoreFrontViewController.swift in Sources */,
				21903594266EFDA200B3F8AB /* AppDelegate.swift in Sources */,
				21903596266EFDA200B3F8AB /* SceneDelegate.swift in Sources */,
				219035A8266F098900B3F8AB /* DetailViewController.swift in Sources */,
				21955743267429C5009DCAB8 /* IAPService.swift in Sources */,
				219035B2266F341C00B3F8AB /* ItemCollectionViewCell.swift in Sources */,
				219557452674533E009DCAB8 /* Constants.swift in Sources */,
			);
			runOnlyForDeploymentPostprocessing = 0;
		};
/* End PBXSourcesBuildPhase section */

/* Begin PBXVariantGroup section */
		21903599266EFDA200B3F8AB /* Main.storyboard */ = {
			isa = PBXVariantGroup;
			children = (
				2190359A266EFDA200B3F8AB /* Base */,
			);
			name = Main.storyboard;
			sourceTree = "<group>";
		};
		2190359E266EFDA400B3F8AB /* LaunchScreen.storyboard */ = {
			isa = PBXVariantGroup;
			children = (
				2190359F266EFDA400B3F8AB /* Base */,
			);
			name = LaunchScreen.storyboard;
			sourceTree = "<group>";
		};
/* End PBXVariantGroup section */

/* Begin XCBuildConfiguration section */
		219035A2266EFDA400B3F8AB /* Debug */ = {
			isa = XCBuildConfiguration;
			buildSettings = {
				ALWAYS_SEARCH_USER_PATHS = NO;
				CLANG_ANALYZER_NONNULL = YES;
				CLANG_ANALYZER_NUMBER_OBJECT_CONVERSION = YES_AGGRESSIVE;
				CLANG_CXX_LANGUAGE_STANDARD = "gnu++14";
				CLANG_CXX_LIBRARY = "libc++";
				CLANG_ENABLE_MODULES = YES;
				CLANG_ENABLE_OBJC_ARC = YES;
				CLANG_ENABLE_OBJC_WEAK = YES;
				CLANG_WARN_BLOCK_CAPTURE_AUTORELEASING = YES;
				CLANG_WARN_BOOL_CONVERSION = YES;
				CLANG_WARN_COMMA = YES;
				CLANG_WARN_CONSTANT_CONVERSION = YES;
				CLANG_WARN_DEPRECATED_OBJC_IMPLEMENTATIONS = YES;
				CLANG_WARN_DIRECT_OBJC_ISA_USAGE = YES_ERROR;
				CLANG_WARN_DOCUMENTATION_COMMENTS = YES;
				CLANG_WARN_EMPTY_BODY = YES;
				CLANG_WARN_ENUM_CONVERSION = YES;
				CLANG_WARN_INFINITE_RECURSION = YES;
				CLANG_WARN_INT_CONVERSION = YES;
				CLANG_WARN_NON_LITERAL_NULL_CONVERSION = YES;
				CLANG_WARN_OBJC_IMPLICIT_RETAIN_SELF = YES;
				CLANG_WARN_OBJC_LITERAL_CONVERSION = YES;
				CLANG_WARN_OBJC_ROOT_CLASS = YES_ERROR;
				CLANG_WARN_QUOTED_INCLUDE_IN_FRAMEWORK_HEADER = YES;
				CLANG_WARN_RANGE_LOOP_ANALYSIS = YES;
				CLANG_WARN_STRICT_PROTOTYPES = YES;
				CLANG_WARN_SUSPICIOUS_MOVE = YES;
				CLANG_WARN_UNGUARDED_AVAILABILITY = YES_AGGRESSIVE;
				CLANG_WARN_UNREACHABLE_CODE = YES;
				CLANG_WARN__DUPLICATE_METHOD_MATCH = YES;
				COPY_PHASE_STRIP = NO;
				DEBUG_INFORMATION_FORMAT = dwarf;
				ENABLE_STRICT_OBJC_MSGSEND = YES;
				ENABLE_TESTABILITY = YES;
				GCC_C_LANGUAGE_STANDARD = gnu11;
				GCC_DYNAMIC_NO_PIC = NO;
				GCC_NO_COMMON_BLOCKS = YES;
				GCC_OPTIMIZATION_LEVEL = 0;
				GCC_PREPROCESSOR_DEFINITIONS = (
					"DEBUG=1",
					"$(inherited)",
				);
				GCC_WARN_64_TO_32_BIT_CONVERSION = YES;
				GCC_WARN_ABOUT_RETURN_TYPE = YES_ERROR;
				GCC_WARN_UNDECLARED_SELECTOR = YES;
				GCC_WARN_UNINITIALIZED_AUTOS = YES_AGGRESSIVE;
				GCC_WARN_UNUSED_FUNCTION = YES;
				GCC_WARN_UNUSED_VARIABLE = YES;
				IPHONEOS_DEPLOYMENT_TARGET = 14.5;
				MTL_ENABLE_DEBUG_INFO = INCLUDE_SOURCE;
				MTL_FAST_MATH = YES;
				ONLY_ACTIVE_ARCH = YES;
				SDKROOT = iphoneos;
				SWIFT_ACTIVE_COMPILATION_CONDITIONS = DEBUG;
				SWIFT_OPTIMIZATION_LEVEL = "-Onone";
			};
			name = Debug;
		};
		219035A3266EFDA400B3F8AB /* Release */ = {
			isa = XCBuildConfiguration;
			buildSettings = {
				ALWAYS_SEARCH_USER_PATHS = NO;
				CLANG_ANALYZER_NONNULL = YES;
				CLANG_ANALYZER_NUMBER_OBJECT_CONVERSION = YES_AGGRESSIVE;
				CLANG_CXX_LANGUAGE_STANDARD = "gnu++14";
				CLANG_CXX_LIBRARY = "libc++";
				CLANG_ENABLE_MODULES = YES;
				CLANG_ENABLE_OBJC_ARC = YES;
				CLANG_ENABLE_OBJC_WEAK = YES;
				CLANG_WARN_BLOCK_CAPTURE_AUTORELEASING = YES;
				CLANG_WARN_BOOL_CONVERSION = YES;
				CLANG_WARN_COMMA = YES;
				CLANG_WARN_CONSTANT_CONVERSION = YES;
				CLANG_WARN_DEPRECATED_OBJC_IMPLEMENTATIONS = YES;
				CLANG_WARN_DIRECT_OBJC_ISA_USAGE = YES_ERROR;
				CLANG_WARN_DOCUMENTATION_COMMENTS = YES;
				CLANG_WARN_EMPTY_BODY = YES;
				CLANG_WARN_ENUM_CONVERSION = YES;
				CLANG_WARN_INFINITE_RECURSION = YES;
				CLANG_WARN_INT_CONVERSION = YES;
				CLANG_WARN_NON_LITERAL_NULL_CONVERSION = YES;
				CLANG_WARN_OBJC_IMPLICIT_RETAIN_SELF = YES;
				CLANG_WARN_OBJC_LITERAL_CONVERSION = YES;
				CLANG_WARN_OBJC_ROOT_CLASS = YES_ERROR;
				CLANG_WARN_QUOTED_INCLUDE_IN_FRAMEWORK_HEADER = YES;
				CLANG_WARN_RANGE_LOOP_ANALYSIS = YES;
				CLANG_WARN_STRICT_PROTOTYPES = YES;
				CLANG_WARN_SUSPICIOUS_MOVE = YES;
				CLANG_WARN_UNGUARDED_AVAILABILITY = YES_AGGRESSIVE;
				CLANG_WARN_UNREACHABLE_CODE = YES;
				CLANG_WARN__DUPLICATE_METHOD_MATCH = YES;
				COPY_PHASE_STRIP = NO;
				DEBUG_INFORMATION_FORMAT = "dwarf-with-dsym";
				ENABLE_NS_ASSERTIONS = NO;
				ENABLE_STRICT_OBJC_MSGSEND = YES;
				GCC_C_LANGUAGE_STANDARD = gnu11;
				GCC_NO_COMMON_BLOCKS = YES;
				GCC_WARN_64_TO_32_BIT_CONVERSION = YES;
				GCC_WARN_ABOUT_RETURN_TYPE = YES_ERROR;
				GCC_WARN_UNDECLARED_SELECTOR = YES;
				GCC_WARN_UNINITIALIZED_AUTOS = YES_AGGRESSIVE;
				GCC_WARN_UNUSED_FUNCTION = YES;
				GCC_WARN_UNUSED_VARIABLE = YES;
				IPHONEOS_DEPLOYMENT_TARGET = 14.5;
				MTL_ENABLE_DEBUG_INFO = NO;
				MTL_FAST_MATH = YES;
				SDKROOT = iphoneos;
				SWIFT_COMPILATION_MODE = wholemodule;
				SWIFT_OPTIMIZATION_LEVEL = "-O";
				VALIDATE_PRODUCT = YES;
			};
			name = Release;
		};
		219035A5266EFDA400B3F8AB /* Debug */ = {
			isa = XCBuildConfiguration;
			buildSettings = {
				ASSETCATALOG_COMPILER_APPICON_NAME = AppIcon;
				ASSETCATALOG_COMPILER_GLOBAL_ACCENT_COLOR_NAME = AccentColor;
				CODE_SIGN_STYLE = Automatic;
				DEVELOPMENT_TEAM = QLJ84Q3ZSY;
				INFOPLIST_FILE = ShopMeApp/Info.plist;
				LD_RUNPATH_SEARCH_PATHS = (
					"$(inherited)",
					"@executable_path/Frameworks",
				);
				PRODUCT_BUNDLE_IDENTIFIER = com.aveldanov.ShopMeApp;
				PRODUCT_NAME = "$(TARGET_NAME)";
				SWIFT_VERSION = 5.0;
				TARGETED_DEVICE_FAMILY = "1,2";
			};
			name = Debug;
		};
		219035A6266EFDA400B3F8AB /* Release */ = {
			isa = XCBuildConfiguration;
			buildSettings = {
				ASSETCATALOG_COMPILER_APPICON_NAME = AppIcon;
				ASSETCATALOG_COMPILER_GLOBAL_ACCENT_COLOR_NAME = AccentColor;
				CODE_SIGN_STYLE = Automatic;
				DEVELOPMENT_TEAM = QLJ84Q3ZSY;
				INFOPLIST_FILE = ShopMeApp/Info.plist;
				LD_RUNPATH_SEARCH_PATHS = (
					"$(inherited)",
					"@executable_path/Frameworks",
				);
				PRODUCT_BUNDLE_IDENTIFIER = com.aveldanov.ShopMeApp;
				PRODUCT_NAME = "$(TARGET_NAME)";
				SWIFT_VERSION = 5.0;
				TARGETED_DEVICE_FAMILY = "1,2";
			};
			name = Release;
		};
/* End XCBuildConfiguration section */

/* Begin XCConfigurationList section */
		2190358B266EFDA200B3F8AB /* Build configuration list for PBXProject "ShopMeApp" */ = {
			isa = XCConfigurationList;
			buildConfigurations = (
				219035A2266EFDA400B3F8AB /* Debug */,
				219035A3266EFDA400B3F8AB /* Release */,
			);
			defaultConfigurationIsVisible = 0;
			defaultConfigurationName = Release;
		};
		219035A4266EFDA400B3F8AB /* Build configuration list for PBXNativeTarget "ShopMeApp" */ = {
			isa = XCConfigurationList;
			buildConfigurations = (
				219035A5266EFDA400B3F8AB /* Debug */,
				219035A6266EFDA400B3F8AB /* Release */,
			);
			defaultConfigurationIsVisible = 0;
			defaultConfigurationName = Release;
		};
/* End XCConfigurationList section */
	};
	rootObject = 21903588266EFDA200B3F8AB /* Project object */;
}
